
Microsoft Visual Studio Solution File, Format Version 12.00
# Visual Studio Version 16
VisualStudioVersion = 16.0.28803.202
MinimumVisualStudioVersion = 10.0.40219.1
Project("{FAE04EC0-301F-11D3-BF4B-00C04F79EFBC}") = "TECHealth", "BiblioTEC\TECHealth.csproj", "{680B8BFA-E949-4E8D-9933-6580F695A8E4}"
EndProject
Global
	GlobalSection(SolutionConfigurationPlatforms) = preSolution
		Debug|Any CPU = Debug|Any CPU
		Release|Any CPU = Release|Any CPU
	EndGlobalSection
	GlobalSection(ProjectConfigurationPlatforms) = postSolution
		{680B8BFA-E949-4E8D-9933-6580F695A8E4}.Debug|Any CPU.ActiveCfg = Debug|Any CPU
		{680B8BFA-E949-4E8D-9933-6580F695A8E4}.Debug|Any CPU.Build.0 = Debug|Any CPU
		{680B8BFA-E949-4E8D-9933-6580F695A8E4}.Release|Any CPU.ActiveCfg = Release|Any CPU
		{680B8BFA-E949-4E8D-9933-6580F695A8E4}.Release|Any CPU.Build.0 = Release|Any CPU
	EndGlobalSection
	GlobalSection(SolutionProperties) = preSolution
		HideSolutionNode = FALSE
	EndGlobalSection
	GlobalSection(ExtensibilityGlobals) = postSolution
		SolutionGuid = {9BC59369-007C-49C3-912D-DF7A840D82E7}
	EndGlobalSection
EndGlobal
